
Microsoft Visual Studio Solution File, Format Version 12.00
# Visual Studio Version 17
VisualStudioVersion = 17.10.34928.147
MinimumVisualStudioVersion = 10.0.40219.1
Project("{FAE04EC0-301F-11D3-BF4B-00C04F79EFBC}") = "PracticalWork_7", "PracticalWork_7\PracticalWork_7.csproj", "{B4057877-C109-4AA8-9115-27774EE68BE5}"
EndProject
Global
	GlobalSection(SolutionConfigurationPlatforms) = preSolution
		Debug|Any CPU = Debug|Any CPU
		Release|Any CPU = Release|Any CPU
	EndGlobalSection
	GlobalSection(ProjectConfigurationPlatforms) = postSolution
		{B4057877-C109-4AA8-9115-27774EE68BE5}.Debug|Any CPU.ActiveCfg = Debug|Any CPU
		{B4057877-C109-4AA8-9115-27774EE68BE5}.Debug|Any CPU.Build.0 = Debug|Any CPU
		{B4057877-C109-4AA8-9115-27774EE68BE5}.Release|Any CPU.ActiveCfg = Release|Any CPU
		{B4057877-C109-4AA8-9115-27774EE68BE5}.Release|Any CPU.Build.0 = Release|Any CPU
	EndGlobalSection
	GlobalSection(SolutionProperties) = preSolution
		HideSolutionNode = FALSE
	EndGlobalSection
	GlobalSection(ExtensibilityGlobals) = postSolution
		SolutionGuid = {F12D62E5-AEB3-46B0-96B4-0CB772EA38A8}
	EndGlobalSection
EndGlobal
